
Microsoft Visual Studio Solution File, Format Version 12.00
# Visual Studio Version 17
VisualStudioVersion = 17.3.32825.248
MinimumVisualStudioVersion = 10.0.40219.1
Project("{FAE04EC0-301F-11D3-BF4B-00C04F79EFBC}") = "TestProject1", "TestProject1\TestProject1.csproj", "{753BEEC1-8310-433D-9E1A-D99EE22AE694}"
EndProject
Project("{FAE04EC0-301F-11D3-BF4B-00C04F79EFBC}") = "ClassLibrary1", "ClassLibrary1\ClassLibrary1.csproj", "{D879E28E-B38A-4CCE-BE63-8F9C84DDD549}"
EndProject
Global
	GlobalSection(SolutionConfigurationPlatforms) = preSolution
		Debug|Any CPU = Debug|Any CPU
		Release|Any CPU = Release|Any CPU
	EndGlobalSection
	GlobalSection(ProjectConfigurationPlatforms) = postSolution
		{753BEEC1-8310-433D-9E1A-D99EE22AE694}.Debug|Any CPU.ActiveCfg = Debug|Any CPU
		{753BEEC1-8310-433D-9E1A-D99EE22AE694}.Debug|Any CPU.Build.0 = Debug|Any CPU
		{753BEEC1-8310-433D-9E1A-D99EE22AE694}.Release|Any CPU.ActiveCfg = Release|Any CPU
		{753BEEC1-8310-433D-9E1A-D99EE22AE694}.Release|Any CPU.Build.0 = Release|Any CPU
		{D879E28E-B38A-4CCE-BE63-8F9C84DDD549}.Debug|Any CPU.ActiveCfg = Debug|Any CPU
		{D879E28E-B38A-4CCE-BE63-8F9C84DDD549}.Debug|Any CPU.Build.0 = Debug|Any CPU
		{D879E28E-B38A-4CCE-BE63-8F9C84DDD549}.Release|Any CPU.ActiveCfg = Release|Any CPU
		{D879E28E-B38A-4CCE-BE63-8F9C84DDD549}.Release|Any CPU.Build.0 = Release|Any CPU
	EndGlobalSection
	GlobalSection(SolutionProperties) = preSolution
		HideSolutionNode = FALSE
	EndGlobalSection
	GlobalSection(ExtensibilityGlobals) = postSolution
		SolutionGuid = {6B038347-9694-4661-810F-03D3EFABBDF3}
	EndGlobalSection
EndGlobal
